
Microsoft Visual Studio Solution File, Format Version 12.00
# Visual Studio Version 17
VisualStudioVersion = 17.14.36327.8 d17.14
MinimumVisualStudioVersion = 10.0.40219.1
Project("{FAE04EC0-301F-11D3-BF4B-00C04F79EFBC}") = "NumberTest", "NumberTest\NumberTest.csproj", "{68D59935-C642-43CC-A1DC-DD736B3F5D22}"
EndProject
Global
	GlobalSection(SolutionConfigurationPlatforms) = preSolution
		Debug|Any CPU = Debug|Any CPU
		Release|Any CPU = Release|Any CPU
	EndGlobalSection
	GlobalSection(ProjectConfigurationPlatforms) = postSolution
		{68D59935-C642-43CC-A1DC-DD736B3F5D22}.Debug|Any CPU.ActiveCfg = Debug|Any CPU
		{68D59935-C642-43CC-A1DC-DD736B3F5D22}.Debug|Any CPU.Build.0 = Debug|Any CPU
		{68D59935-C642-43CC-A1DC-DD736B3F5D22}.Release|Any CPU.ActiveCfg = Release|Any CPU
		{68D59935-C642-43CC-A1DC-DD736B3F5D22}.Release|Any CPU.Build.0 = Release|Any CPU
	EndGlobalSection
	GlobalSection(SolutionProperties) = preSolution
		HideSolutionNode = FALSE
	EndGlobalSection
	GlobalSection(ExtensibilityGlobals) = postSolution
		SolutionGuid = {E90F65D1-F559-469C-B385-4BE1F231BEE5}
	EndGlobalSection
EndGlobal
